// !$*UTF8*$!
{
	archiveVersion = 1;
	classes = {
	};
	objectVersion = 56;
	objects = {

/* Begin PBXBuildFile section */
		A52673E32BFCE847004E65B3 /* Assets.xcassets in Resources */ = {isa = PBXBuildFile; fileRef = A52673E22BFCE847004E65B3 /* Assets.xcassets */; };
		A52673E62BFCE847004E65B3 /* Preview Assets.xcassets in Resources */ = {isa = PBXBuildFile; fileRef = A52673E52BFCE847004E65B3 /* Preview Assets.xcassets */; };
		A52673F82BFCE877004E65B3 /* Assets.xcassets in Resources */ = {isa = PBXBuildFile; fileRef = A52673F72BFCE877004E65B3 /* Assets.xcassets */; };
		A52673FB2BFCE877004E65B3 /* Preview Assets.xcassets in Resources */ = {isa = PBXBuildFile; fileRef = A52673FA2BFCE877004E65B3 /* Preview Assets.xcassets */; };
		A52674032BFCE919004E65B3 /* Home.swift in Sources */ = {isa = PBXBuildFile; fileRef = A52674022BFCE919004E65B3 /* Home.swift */; };
		A52674042BFCE996004E65B3 /* Home.swift in Sources */ = {isa = PBXBuildFile; fileRef = A52674022BFCE919004E65B3 /* Home.swift */; };
		A52674062BFCEF85004E65B3 /* Assets.xcassets in Resources */ = {isa = PBXBuildFile; fileRef = A52674052BFCEF85004E65B3 /* Assets.xcassets */; };
		A52674072BFCF033004E65B3 /* Assets.xcassets in Resources */ = {isa = PBXBuildFile; fileRef = A52674052BFCEF85004E65B3 /* Assets.xcassets */; };
		A52674092BFCF677004E65B3 /* LoginViewModel.swift in Sources */ = {isa = PBXBuildFile; fileRef = A52674082BFCF677004E65B3 /* LoginViewModel.swift */; };
		A526740A2BFCF759004E65B3 /* LoginViewModel.swift in Sources */ = {isa = PBXBuildFile; fileRef = A52674082BFCF677004E65B3 /* LoginViewModel.swift */; };
		A526740D2BFD32A0004E65B3 /* LoginViewModifier.swift in Sources */ = {isa = PBXBuildFile; fileRef = A526740C2BFD32A0004E65B3 /* LoginViewModifier.swift */; };
		A526740E2BFD3869004E65B3 /* LoginViewModifier.swift in Sources */ = {isa = PBXBuildFile; fileRef = A526740C2BFD32A0004E65B3 /* LoginViewModifier.swift */; };
		A52674102BFD3890004E65B3 /* LoginButtonModifier.swift in Sources */ = {isa = PBXBuildFile; fileRef = A526740F2BFD3890004E65B3 /* LoginButtonModifier.swift */; };
		A52674112BFD390A004E65B3 /* LoginButtonModifier.swift in Sources */ = {isa = PBXBuildFile; fileRef = A526740F2BFD3890004E65B3 /* LoginButtonModifier.swift */; };
		A52674132BFD3938004E65B3 /* Login.swift in Sources */ = {isa = PBXBuildFile; fileRef = A52674122BFD3938004E65B3 /* Login.swift */; };
		A52674142BFD39EE004E65B3 /* Login.swift in Sources */ = {isa = PBXBuildFile; fileRef = A52674122BFD3938004E65B3 /* Login.swift */; };
		A52674162BFD3A74004E65B3 /* Register.swift in Sources */ = {isa = PBXBuildFile; fileRef = A52674152BFD3A74004E65B3 /* Register.swift */; };
		A52674172BFD3A78004E65B3 /* Register.swift in Sources */ = {isa = PBXBuildFile; fileRef = A52674152BFD3A74004E65B3 /* Register.swift */; };
		A5EC7BA72BFE1921004493F1 /* SharediOSLoginApp.swift in Sources */ = {isa = PBXBuildFile; fileRef = A52673F32BFCE876004E65B3 /* SharediOSLoginApp.swift */; };
		A5EC7BA82BFE1924004493F1 /* ContentView.swift in Sources */ = {isa = PBXBuildFile; fileRef = A52673E02BFCE846004E65B3 /* ContentView.swift */; };
		A5EC7BAB2BFE195F004493F1 /* ContentView.swift in Sources */ = {isa = PBXBuildFile; fileRef = A5EC7BA92BFE195F004493F1 /* ContentView.swift */; };
		A5EC7BAC2BFE195F004493F1 /* SharediOsMacOSLoginApp.swift in Sources */ = {isa = PBXBuildFile; fileRef = A5EC7BAA2BFE195F004493F1 /* SharediOsMacOSLoginApp.swift */; };
/* End PBXBuildFile section */

/* Begin PBXFileReference section */
		A52673DB2BFCE846004E65B3 /* SharediOsMacOSLogin.app */ = {isa = PBXFileReference; explicitFileType = wrapper.application; includeInIndex = 0; path = SharediOsMacOSLogin.app; sourceTree = BUILT_PRODUCTS_DIR; };
		A52673E02BFCE846004E65B3 /* ContentView.swift */ = {isa = PBXFileReference; lastKnownFileType = sourcecode.swift; path = ContentView.swift; sourceTree = "<group>"; };
		A52673E22BFCE847004E65B3 /* Assets.xcassets */ = {isa = PBXFileReference; lastKnownFileType = folder.assetcatalog; path = Assets.xcassets; sourceTree = "<group>"; };
		A52673E52BFCE847004E65B3 /* Preview Assets.xcassets */ = {isa = PBXFileReference; lastKnownFileType = folder.assetcatalog; path = "Preview Assets.xcassets"; sourceTree = "<group>"; };
		A52673E72BFCE847004E65B3 /* SharediOsMacOSLogin.entitlements */ = {isa = PBXFileReference; lastKnownFileType = text.plist.entitlements; path = SharediOsMacOSLogin.entitlements; sourceTree = "<group>"; };
		A52673F12BFCE876004E65B3 /* SharediOSLogin.app */ = {isa = PBXFileReference; explicitFileType = wrapper.application; includeInIndex = 0; path = SharediOSLogin.app; sourceTree = BUILT_PRODUCTS_DIR; };
		A52673F32BFCE876004E65B3 /* SharediOSLoginApp.swift */ = {isa = PBXFileReference; lastKnownFileType = sourcecode.swift; path = SharediOSLoginApp.swift; sourceTree = "<group>"; };
		A52673F72BFCE877004E65B3 /* Assets.xcassets */ = {isa = PBXFileReference; lastKnownFileType = folder.assetcatalog; path = Assets.xcassets; sourceTree = "<group>"; };
		A52673FA2BFCE877004E65B3 /* Preview Assets.xcassets */ = {isa = PBXFileReference; lastKnownFileType = folder.assetcatalog; path = "Preview Assets.xcassets"; sourceTree = "<group>"; };
		A52674022BFCE919004E65B3 /* Home.swift */ = {isa = PBXFileReference; lastKnownFileType = sourcecode.swift; path = Home.swift; sourceTree = "<group>"; };
		A52674052BFCEF85004E65B3 /* Assets.xcassets */ = {isa = PBXFileReference; lastKnownFileType = folder.assetcatalog; path = Assets.xcassets; sourceTree = "<group>"; };
		A52674082BFCF677004E65B3 /* LoginViewModel.swift */ = {isa = PBXFileReference; lastKnownFileType = sourcecode.swift; path = LoginViewModel.swift; sourceTree = "<group>"; };
		A526740C2BFD32A0004E65B3 /* LoginViewModifier.swift */ = {isa = PBXFileReference; lastKnownFileType = sourcecode.swift; path = LoginViewModifier.swift; sourceTree = "<group>"; };
		A526740F2BFD3890004E65B3 /* LoginButtonModifier.swift */ = {isa = PBXFileReference; lastKnownFileType = sourcecode.swift; path = LoginButtonModifier.swift; sourceTree = "<group>"; };
		A52674122BFD3938004E65B3 /* Login.swift */ = {isa = PBXFileReference; lastKnownFileType = sourcecode.swift; path = Login.swift; sourceTree = "<group>"; };
		A52674152BFD3A74004E65B3 /* Register.swift */ = {isa = PBXFileReference; lastKnownFileType = sourcecode.swift; path = Register.swift; sourceTree = "<group>"; };
		A5EC7BA92BFE195F004493F1 /* ContentView.swift */ = {isa = PBXFileReference; fileEncoding = 4; lastKnownFileType = sourcecode.swift; path = ContentView.swift; sourceTree = "<group>"; };
		A5EC7BAA2BFE195F004493F1 /* SharediOsMacOSLoginApp.swift */ = {isa = PBXFileReference; fileEncoding = 4; lastKnownFileType = sourcecode.swift; path = SharediOsMacOSLoginApp.swift; sourceTree = "<group>"; };
/* End PBXFileReference section */

/* Begin PBXFrameworksBuildPhase section */
		A52673D82BFCE846004E65B3 /* Frameworks */ = {
			isa = PBXFrameworksBuildPhase;
			buildActionMask = 2147483647;
			files = (
			);
			runOnlyForDeploymentPostprocessing = 0;
		};
		A52673EE2BFCE876004E65B3 /* Frameworks */ = {
			isa = PBXFrameworksBuildPhase;
			buildActionMask = 2147483647;
			files = (
			);
			runOnlyForDeploymentPostprocessing = 0;
		};
/* End PBXFrameworksBuildPhase section */

/* Begin PBXGroup section */
		A52673D22BFCE846004E65B3 = {
			isa = PBXGroup;
			children = (
				A52673FF2BFCE89D004E65B3 /* Shared */,
				A52673DD2BFCE846004E65B3 /* SharediOsMacOSLogin */,
				A52673F22BFCE876004E65B3 /* SharediOSLogin */,
				A52673DC2BFCE846004E65B3 /* Products */,
			);
			sourceTree = "<group>";
		};
		A52673DC2BFCE846004E65B3 /* Products */ = {
			isa = PBXGroup;
			children = (
				A52673DB2BFCE846004E65B3 /* SharediOsMacOSLogin.app */,
				A52673F12BFCE876004E65B3 /* SharediOSLogin.app */,
			);
			name = Products;
			sourceTree = "<group>";
		};
		A52673DD2BFCE846004E65B3 /* SharediOsMacOSLogin */ = {
			isa = PBXGroup;
			children = (
				A5EC7BA92BFE195F004493F1 /* ContentView.swift */,
				A5EC7BAA2BFE195F004493F1 /* SharediOsMacOSLoginApp.swift */,
				A52673E22BFCE847004E65B3 /* Assets.xcassets */,
				A52673E72BFCE847004E65B3 /* SharediOsMacOSLogin.entitlements */,
				A52673E42BFCE847004E65B3 /* Preview Content */,
			);
			path = SharediOsMacOSLogin;
			sourceTree = "<group>";
		};
		A52673E42BFCE847004E65B3 /* Preview Content */ = {
			isa = PBXGroup;
			children = (
				A52673E52BFCE847004E65B3 /* Preview Assets.xcassets */,
			);
			path = "Preview Content";
			sourceTree = "<group>";
		};
		A52673F22BFCE876004E65B3 /* SharediOSLogin */ = {
			isa = PBXGroup;
			children = (
				A52673E02BFCE846004E65B3 /* ContentView.swift */,
				A52673F32BFCE876004E65B3 /* SharediOSLoginApp.swift */,
				A52673F72BFCE877004E65B3 /* Assets.xcassets */,
				A52673F92BFCE877004E65B3 /* Preview Content */,
			);
			path = SharediOSLogin;
			sourceTree = "<group>";
		};
		A52673F92BFCE877004E65B3 /* Preview Content */ = {
			isa = PBXGroup;
			children = (
				A52673FA2BFCE877004E65B3 /* Preview Assets.xcassets */,
			);
			path = "Preview Content";
			sourceTree = "<group>";
		};
		A52673FF2BFCE89D004E65B3 /* Shared */ = {
			isa = PBXGroup;
			children = (
				A52674012BFCE8C1004E65B3 /* ViewModel */,
				A52674002BFCE8B5004E65B3 /* View */,
				A52674052BFCEF85004E65B3 /* Assets.xcassets */,
			);
			path = Shared;
			sourceTree = "<group>";
		};
		A52674002BFCE8B5004E65B3 /* View */ = {
			isa = PBXGroup;
			children = (
				A526740B2BFD327C004E65B3 /* Modifiers */,
				A52674022BFCE919004E65B3 /* Home.swift */,
				A52674122BFD3938004E65B3 /* Login.swift */,
				A52674152BFD3A74004E65B3 /* Register.swift */,
			);
			path = View;
			sourceTree = "<group>";
		};
		A52674012BFCE8C1004E65B3 /* ViewModel */ = {
			isa = PBXGroup;
			children = (
				A52674082BFCF677004E65B3 /* LoginViewModel.swift */,
			);
			path = ViewModel;
			sourceTree = "<group>";
		};
		A526740B2BFD327C004E65B3 /* Modifiers */ = {
			isa = PBXGroup;
			children = (
				A526740C2BFD32A0004E65B3 /* LoginViewModifier.swift */,
				A526740F2BFD3890004E65B3 /* LoginButtonModifier.swift */,
			);
			path = Modifiers;
			sourceTree = "<group>";
		};
/* End PBXGroup section */

/* Begin PBXNativeTarget section */
		A52673DA2BFCE846004E65B3 /* SharediOsMacOSLogin */ = {
			isa = PBXNativeTarget;
			buildConfigurationList = A52673EA2BFCE847004E65B3 /* Build configuration list for PBXNativeTarget "SharediOsMacOSLogin" */;
			buildPhases = (
				A52673D72BFCE846004E65B3 /* Sources */,
				A52673D82BFCE846004E65B3 /* Frameworks */,
				A52673D92BFCE846004E65B3 /* Resources */,
			);
			buildRules = (
			);
			dependencies = (
			);
			name = SharediOsMacOSLogin;
			productName = SharediOsMacOSLogin;
			productReference = A52673DB2BFCE846004E65B3 /* SharediOsMacOSLogin.app */;
			productType = "com.apple.product-type.application";
		};
		A52673F02BFCE876004E65B3 /* SharediOSLogin */ = {
			isa = PBXNativeTarget;
			buildConfigurationList = A52673FC2BFCE877004E65B3 /* Build configuration list for PBXNativeTarget "SharediOSLogin" */;
			buildPhases = (
				A52673ED2BFCE876004E65B3 /* Sources */,
				A52673EE2BFCE876004E65B3 /* Frameworks */,
				A52673EF2BFCE876004E65B3 /* Resources */,
			);
			buildRules = (
			);
			dependencies = (
			);
			name = SharediOSLogin;
			productName = SharediOSLogin;
			productReference = A52673F12BFCE876004E65B3 /* SharediOSLogin.app */;
			productType = "com.apple.product-type.application";
		};
/* End PBXNativeTarget section */

/* Begin PBXProject section */
		A52673D32BFCE846004E65B3 /* Project object */ = {
			isa = PBXProject;
			attributes = {
				BuildIndependentTargetsInParallel = 1;
				LastSwiftUpdateCheck = 1540;
				LastUpgradeCheck = 1540;
				TargetAttributes = {
					A52673DA2BFCE846004E65B3 = {
						CreatedOnToolsVersion = 15.4;
					};
					A52673F02BFCE876004E65B3 = {
						CreatedOnToolsVersion = 15.4;
					};
				};
			};
			buildConfigurationList = A52673D62BFCE846004E65B3 /* Build configuration list for PBXProject "SharediOsMacOSLogin" */;
			compatibilityVersion = "Xcode 14.0";
			developmentRegion = en;
			hasScannedForEncodings = 0;
			knownRegions = (
				en,
				Base,
			);
			mainGroup = A52673D22BFCE846004E65B3;
			productRefGroup = A52673DC2BFCE846004E65B3 /* Products */;
			projectDirPath = "";
			projectRoot = "";
			targets = (
				A52673DA2BFCE846004E65B3 /* SharediOsMacOSLogin */,
				A52673F02BFCE876004E65B3 /* SharediOSLogin */,
			);
		};
/* End PBXProject section */

/* Begin PBXResourcesBuildPhase section */
		A52673D92BFCE846004E65B3 /* Resources */ = {
			isa = PBXResourcesBuildPhase;
			buildActionMask = 2147483647;
			files = (
				A52673E62BFCE847004E65B3 /* Preview Assets.xcassets in Resources */,
				A52674062BFCEF85004E65B3 /* Assets.xcassets in Resources */,
				A52673E32BFCE847004E65B3 /* Assets.xcassets in Resources */,
			);
			runOnlyForDeploymentPostprocessing = 0;
		};
		A52673EF2BFCE876004E65B3 /* Resources */ = {
			isa = PBXResourcesBuildPhase;
			buildActionMask = 2147483647;
			files = (
				A52673FB2BFCE877004E65B3 /* Preview Assets.xcassets in Resources */,
				A52674072BFCF033004E65B3 /* Assets.xcassets in Resources */,
				A52673F82BFCE877004E65B3 /* Assets.xcassets in Resources */,
			);
			runOnlyForDeploymentPostprocessing = 0;
		};
/* End PBXResourcesBuildPhase section */

/* Begin PBXSourcesBuildPhase section */
		A52673D72BFCE846004E65B3 /* Sources */ = {
			isa = PBXSourcesBuildPhase;
			buildActionMask = 2147483647;
			files = (
				A52674132BFD3938004E65B3 /* Login.swift in Sources */,
				A526740D2BFD32A0004E65B3 /* LoginViewModifier.swift in Sources */,
				A5EC7BAB2BFE195F004493F1 /* ContentView.swift in Sources */,
				A52674092BFCF677004E65B3 /* LoginViewModel.swift in Sources */,
				A52674032BFCE919004E65B3 /* Home.swift in Sources */,
				A52674102BFD3890004E65B3 /* LoginButtonModifier.swift in Sources */,
				A5EC7BAC2BFE195F004493F1 /* SharediOsMacOSLoginApp.swift in Sources */,
				A52674162BFD3A74004E65B3 /* Register.swift in Sources */,
			);
			runOnlyForDeploymentPostprocessing = 0;
		};
		A52673ED2BFCE876004E65B3 /* Sources */ = {
			isa = PBXSourcesBuildPhase;
			buildActionMask = 2147483647;
			files = (
				A52674142BFD39EE004E65B3 /* Login.swift in Sources */,
				A5EC7BA72BFE1921004493F1 /* SharediOSLoginApp.swift in Sources */,
				A5EC7BA82BFE1924004493F1 /* ContentView.swift in Sources */,
				A526740E2BFD3869004E65B3 /* LoginViewModifier.swift in Sources */,
				A526740A2BFCF759004E65B3 /* LoginViewModel.swift in Sources */,
				A52674042BFCE996004E65B3 /* Home.swift in Sources */,
				A52674112BFD390A004E65B3 /* LoginButtonModifier.swift in Sources */,
				A52674172BFD3A78004E65B3 /* Register.swift in Sources */,
			);
			runOnlyForDeploymentPostprocessing = 0;
		};
/* End PBXSourcesBuildPhase section */

/* Begin XCBuildConfiguration section */
		A52673E82BFCE847004E65B3 /* Debug */ = {
			isa = XCBuildConfiguration;
			buildSettings = {
				ALWAYS_SEARCH_USER_PATHS = NO;
				ASSETCATALOG_COMPILER_GENERATE_SWIFT_ASSET_SYMBOL_EXTENSIONS = YES;
				CLANG_ANALYZER_NONNULL = YES;
				CLANG_ANALYZER_NUMBER_OBJECT_CONVERSION = YES_AGGRESSIVE;
				CLANG_CXX_LANGUAGE_STANDARD = "gnu++20";
				CLANG_ENABLE_MODULES = YES;
				CLANG_ENABLE_OBJC_ARC = YES;
				CLANG_ENABLE_OBJC_WEAK = YES;
				CLANG_WARN_BLOCK_CAPTURE_AUTORELEASING = YES;
				CLANG_WARN_BOOL_CONVERSION = YES;
				CLANG_WARN_COMMA = YES;
				CLANG_WARN_CONSTANT_CONVERSION = YES;
				CLANG_WARN_DEPRECATED_OBJC_IMPLEMENTATIONS = YES;
				CLANG_WARN_DIRECT_OBJC_ISA_USAGE = YES_ERROR;
				CLANG_WARN_DOCUMENTATION_COMMENTS = YES;
				CLANG_WARN_EMPTY_BODY = YES;
				CLANG_WARN_ENUM_CONVERSION = YES;
				CLANG_WARN_INFINITE_RECURSION = YES;
				CLANG_WARN_INT_CONVERSION = YES;
				CLANG_WARN_NON_LITERAL_NULL_CONVERSION = YES;
				CLANG_WARN_OBJC_IMPLICIT_RETAIN_SELF = YES;
				CLANG_WARN_OBJC_LITERAL_CONVERSION = YES;
				CLANG_WARN_OBJC_ROOT_CLASS = YES_ERROR;
				CLANG_WARN_QUOTED_INCLUDE_IN_FRAMEWORK_HEADER = YES;
				CLANG_WARN_RANGE_LOOP_ANALYSIS = YES;
				CLANG_WARN_STRICT_PROTOTYPES = YES;
				CLANG_WARN_SUSPICIOUS_MOVE = YES;
				CLANG_WARN_UNGUARDED_AVAILABILITY = YES_AGGRESSIVE;
				CLANG_WARN_UNREACHABLE_CODE = YES;
				CLANG_WARN__DUPLICATE_METHOD_MATCH = YES;
				COPY_PHASE_STRIP = NO;
				DEBUG_INFORMATION_FORMAT = dwarf;
				ENABLE_STRICT_OBJC_MSGSEND = YES;
				ENABLE_TESTABILITY = YES;
				ENABLE_USER_SCRIPT_SANDBOXING = YES;
				GCC_C_LANGUAGE_STANDARD = gnu17;
				GCC_DYNAMIC_NO_PIC = NO;
				GCC_NO_COMMON_BLOCKS = YES;
				GCC_OPTIMIZATION_LEVEL = 0;
				GCC_PREPROCESSOR_DEFINITIONS = (
					"DEBUG=1",
					"$(inherited)",
				);
				GCC_WARN_64_TO_32_BIT_CONVERSION = YES;
				GCC_WARN_ABOUT_RETURN_TYPE = YES_ERROR;
				GCC_WARN_UNDECLARED_SELECTOR = YES;
				GCC_WARN_UNINITIALIZED_AUTOS = YES_AGGRESSIVE;
				GCC_WARN_UNUSED_FUNCTION = YES;
				GCC_WARN_UNUSED_VARIABLE = YES;
				LOCALIZATION_PREFERS_STRING_CATALOGS = YES;
				MACOSX_DEPLOYMENT_TARGET = 14.4;
				MTL_ENABLE_DEBUG_INFO = INCLUDE_SOURCE;
				MTL_FAST_MATH = YES;
				ONLY_ACTIVE_ARCH = YES;
				SDKROOT = macosx;
				SWIFT_ACTIVE_COMPILATION_CONDITIONS = "DEBUG $(inherited)";
				SWIFT_OPTIMIZATION_LEVEL = "-Onone";
			};
			name = Debug;
		};
		A52673E92BFCE847004E65B3 /* Release */ = {
			isa = XCBuildConfiguration;
			buildSettings = {
				ALWAYS_SEARCH_USER_PATHS = NO;
				ASSETCATALOG_COMPILER_GENERATE_SWIFT_ASSET_SYMBOL_EXTENSIONS = YES;
				CLANG_ANALYZER_NONNULL = YES;
				CLANG_ANALYZER_NUMBER_OBJECT_CONVERSION = YES_AGGRESSIVE;
				CLANG_CXX_LANGUAGE_STANDARD = "gnu++20";
				CLANG_ENABLE_MODULES = YES;
				CLANG_ENABLE_OBJC_ARC = YES;
				CLANG_ENABLE_OBJC_WEAK = YES;
				CLANG_WARN_BLOCK_CAPTURE_AUTORELEASING = YES;
				CLANG_WARN_BOOL_CONVERSION = YES;
				CLANG_WARN_COMMA = YES;
				CLANG_WARN_CONSTANT_CONVERSION = YES;
				CLANG_WARN_DEPRECATED_OBJC_IMPLEMENTATIONS = YES;
				CLANG_WARN_DIRECT_OBJC_ISA_USAGE = YES_ERROR;
				CLANG_WARN_DOCUMENTATION_COMMENTS = YES;
				CLANG_WARN_EMPTY_BODY = YES;
				CLANG_WARN_ENUM_CONVERSION = YES;
				CLANG_WARN_INFINITE_RECURSION = YES;
				CLANG_WARN_INT_CONVERSION = YES;
				CLANG_WARN_NON_LITERAL_NULL_CONVERSION = YES;
				CLANG_WARN_OBJC_IMPLICIT_RETAIN_SELF = YES;
				CLANG_WARN_OBJC_LITERAL_CONVERSION = YES;
				CLANG_WARN_OBJC_ROOT_CLASS = YES_ERROR;
				CLANG_WARN_QUOTED_INCLUDE_IN_FRAMEWORK_HEADER = YES;
				CLANG_WARN_RANGE_LOOP_ANALYSIS = YES;
				CLANG_WARN_STRICT_PROTOTYPES = YES;
				CLANG_WARN_SUSPICIOUS_MOVE = YES;
				CLANG_WARN_UNGUARDED_AVAILABILITY = YES_AGGRESSIVE;
				CLANG_WARN_UNREACHABLE_CODE = YES;
				CLANG_WARN__DUPLICATE_METHOD_MATCH = YES;
				COPY_PHASE_STRIP = NO;
				DEBUG_INFORMATION_FORMAT = "dwarf-with-dsym";
				ENABLE_NS_ASSERTIONS = NO;
				ENABLE_STRICT_OBJC_MSGSEND = YES;
				ENABLE_USER_SCRIPT_SANDBOXING = YES;
				GCC_C_LANGUAGE_STANDARD = gnu17;
				GCC_NO_COMMON_BLOCKS = YES;
				GCC_WARN_64_TO_32_BIT_CONVERSION = YES;
				GCC_WARN_ABOUT_RETURN_TYPE = YES_ERROR;
				GCC_WARN_UNDECLARED_SELECTOR = YES;
				GCC_WARN_UNINITIALIZED_AUTOS = YES_AGGRESSIVE;
				GCC_WARN_UNUSED_FUNCTION = YES;
				GCC_WARN_UNUSED_VARIABLE = YES;
				LOCALIZATION_PREFERS_STRING_CATALOGS = YES;
				MACOSX_DEPLOYMENT_TARGET = 14.4;
				MTL_ENABLE_DEBUG_INFO = NO;
				MTL_FAST_MATH = YES;
				SDKROOT = macosx;
				SWIFT_COMPILATION_MODE = wholemodule;
			};
			name = Release;
		};
		A52673EB2BFCE847004E65B3 /* Debug */ = {
			isa = XCBuildConfiguration;
			buildSettings = {
				ASSETCATALOG_COMPILER_APPICON_NAME = AppIcon;
				ASSETCATALOG_COMPILER_GLOBAL_ACCENT_COLOR_NAME = AccentColor;
				CODE_SIGN_ENTITLEMENTS = SharediOsMacOSLogin/SharediOsMacOSLogin.entitlements;
				CODE_SIGN_STYLE = Automatic;
				COMBINE_HIDPI_IMAGES = YES;
				CURRENT_PROJECT_VERSION = 1;
				DEVELOPMENT_ASSET_PATHS = "\"SharediOsMacOSLogin/Preview Content\"";
				DEVELOPMENT_TEAM = H32J47ML7Z;
				ENABLE_HARDENED_RUNTIME = YES;
				ENABLE_PREVIEWS = YES;
				GENERATE_INFOPLIST_FILE = YES;
				INFOPLIST_KEY_NSHumanReadableCopyright = "";
				LD_RUNPATH_SEARCH_PATHS = (
					"$(inherited)",
					"@executable_path/../Frameworks",
				);
				MARKETING_VERSION = 1.0;
				PRODUCT_BUNDLE_IDENTIFIER = com.pysarenkodev.SharediOsMacOSLogin;
				PRODUCT_NAME = "$(TARGET_NAME)";
				SWIFT_EMIT_LOC_STRINGS = YES;
				SWIFT_VERSION = 5.0;
			};
			name = Debug;
		};
		A52673EC2BFCE847004E65B3 /* Release */ = {
			isa = XCBuildConfiguration;
			buildSettings = {
				ASSETCATALOG_COMPILER_APPICON_NAME = AppIcon;
				ASSETCATALOG_COMPILER_GLOBAL_ACCENT_COLOR_NAME = AccentColor;
				CODE_SIGN_ENTITLEMENTS = SharediOsMacOSLogin/SharediOsMacOSLogin.entitlements;
				CODE_SIGN_STYLE = Automatic;
				COMBINE_HIDPI_IMAGES = YES;
				CURRENT_PROJECT_VERSION = 1;
				DEVELOPMENT_ASSET_PATHS = "\"SharediOsMacOSLogin/Preview Content\"";
				DEVELOPMENT_TEAM = H32J47ML7Z;
				ENABLE_HARDENED_RUNTIME = YES;
				ENABLE_PREVIEWS = YES;
				GENERATE_INFOPLIST_FILE = YES;
				INFOPLIST_KEY_NSHumanReadableCopyright = "";
				LD_RUNPATH_SEARCH_PATHS = (
					"$(inherited)",
					"@executable_path/../Frameworks",
				);
				MARKETING_VERSION = 1.0;
				PRODUCT_BUNDLE_IDENTIFIER = com.pysarenkodev.SharediOsMacOSLogin;
				PRODUCT_NAME = "$(TARGET_NAME)";
				SWIFT_EMIT_LOC_STRINGS = YES;
				SWIFT_VERSION = 5.0;
			};
			name = Release;
		};
		A52673FD2BFCE877004E65B3 /* Debug */ = {
			isa = XCBuildConfiguration;
			buildSettings = {
				ASSETCATALOG_COMPILER_APPICON_NAME = AppIcon;
				ASSETCATALOG_COMPILER_GLOBAL_ACCENT_COLOR_NAME = AccentColor;
				CODE_SIGN_STYLE = Automatic;
				CURRENT_PROJECT_VERSION = 1;
				DEVELOPMENT_ASSET_PATHS = "\"SharediOSLogin/Preview Content\"";
				DEVELOPMENT_TEAM = H32J47ML7Z;
				ENABLE_PREVIEWS = YES;
				GENERATE_INFOPLIST_FILE = YES;
				INFOPLIST_KEY_UIApplicationSceneManifest_Generation = YES;
				INFOPLIST_KEY_UIApplicationSupportsIndirectInputEvents = YES;
				INFOPLIST_KEY_UILaunchScreen_Generation = YES;
				INFOPLIST_KEY_UISupportedInterfaceOrientations_iPad = "UIInterfaceOrientationPortrait UIInterfaceOrientationPortraitUpsideDown UIInterfaceOrientationLandscapeLeft UIInterfaceOrientationLandscapeRight";
				INFOPLIST_KEY_UISupportedInterfaceOrientations_iPhone = "UIInterfaceOrientationPortrait UIInterfaceOrientationLandscapeLeft UIInterfaceOrientationLandscapeRight";
				IPHONEOS_DEPLOYMENT_TARGET = 17.5;
				LD_RUNPATH_SEARCH_PATHS = (
					"$(inherited)",
					"@executable_path/Frameworks",
				);
				MARKETING_VERSION = 1.0;
				PRODUCT_BUNDLE_IDENTIFIER = com.pysarenkodev.SharediOSLogin;
				PRODUCT_NAME = "$(TARGET_NAME)";
				SDKROOT = iphoneos;
				SWIFT_EMIT_LOC_STRINGS = YES;
				SWIFT_VERSION = 5.0;
				TARGETED_DEVICE_FAMILY = "1,2";
			};
			name = Debug;
		};
		A52673FE2BFCE877004E65B3 /* Release */ = {
			isa = XCBuildConfiguration;
			buildSettings = {
				ASSETCATALOG_COMPILER_APPICON_NAME = AppIcon;
				ASSETCATALOG_COMPILER_GLOBAL_ACCENT_COLOR_NAME = AccentColor;
				CODE_SIGN_STYLE = Automatic;
				CURRENT_PROJECT_VERSION = 1;
				DEVELOPMENT_ASSET_PATHS = "\"SharediOSLogin/Preview Content\"";
				DEVELOPMENT_TEAM = H32J47ML7Z;
				ENABLE_PREVIEWS = YES;
				GENERATE_INFOPLIST_FILE = YES;
				INFOPLIST_KEY_UIApplicationSceneManifest_Generation = YES;
				INFOPLIST_KEY_UIApplicationSupportsIndirectInputEvents = YES;
				INFOPLIST_KEY_UILaunchScreen_Generation = YES;
				INFOPLIST_KEY_UISupportedInterfaceOrientations_iPad = "UIInterfaceOrientationPortrait UIInterfaceOrientationPortraitUpsideDown UIInterfaceOrientationLandscapeLeft UIInterfaceOrientationLandscapeRight";
				INFOPLIST_KEY_UISupportedInterfaceOrientations_iPhone = "UIInterfaceOrientationPortrait UIInterfaceOrientationLandscapeLeft UIInterfaceOrientationLandscapeRight";
				IPHONEOS_DEPLOYMENT_TARGET = 17.5;
				LD_RUNPATH_SEARCH_PATHS = (
					"$(inherited)",
					"@executable_path/Frameworks",
				);
				MARKETING_VERSION = 1.0;
				PRODUCT_BUNDLE_IDENTIFIER = com.pysarenkodev.SharediOSLogin;
				PRODUCT_NAME = "$(TARGET_NAME)";
				SDKROOT = iphoneos;
				SWIFT_EMIT_LOC_STRINGS = YES;
				SWIFT_VERSION = 5.0;
				TARGETED_DEVICE_FAMILY = "1,2";
				VALIDATE_PRODUCT = YES;
			};
			name = Release;
		};
/* End XCBuildConfiguration section */

/* Begin XCConfigurationList section */
		A52673D62BFCE846004E65B3 /* Build configuration list for PBXProject "SharediOsMacOSLogin" */ = {
			isa = XCConfigurationList;
			buildConfigurations = (
				A52673E82BFCE847004E65B3 /* Debug */,
				A52673E92BFCE847004E65B3 /* Release */,
			);
			defaultConfigurationIsVisible = 0;
			defaultConfigurationName = Release;
		};
		A52673EA2BFCE847004E65B3 /* Build configuration list for PBXNativeTarget "SharediOsMacOSLogin" */ = {
			isa = XCConfigurationList;
			buildConfigurations = (
				A52673EB2BFCE847004E65B3 /* Debug */,
				A52673EC2BFCE847004E65B3 /* Release */,
			);
			defaultConfigurationIsVisible = 0;
			defaultConfigurationName = Release;
		};
		A52673FC2BFCE877004E65B3 /* Build configuration list for PBXNativeTarget "SharediOSLogin" */ = {
			isa = XCConfigurationList;
			buildConfigurations = (
				A52673FD2BFCE877004E65B3 /* Debug */,
				A52673FE2BFCE877004E65B3 /* Release */,
			);
			defaultConfigurationIsVisible = 0;
			defaultConfigurationName = Release;
		};
/* End XCConfigurationList section */
	};
	rootObject = A52673D32BFCE846004E65B3 /* Project object */;
}
